
Microsoft Visual Studio Solution File, Format Version 12.00
# Visual Studio 14
VisualStudioVersion = 14.0.25420.1
MinimumVisualStudioVersion = 10.0.40219.1
Project("{FAE04EC0-301F-11D3-BF4B-00C04F79EFBC}") = "NertzTest1", "NertzTest1\NertzTest1.csproj", "{2235F889-4DB5-4093-B2D9-4A83CD640748}"
EndProject
Project("{FAE04EC0-301F-11D3-BF4B-00C04F79EFBC}") = "StandardDeck", "StandardDeck\StandardDeck.csproj", "{42D94D38-8848-4663-9C2F-C321F1DB80DD}"
EndProject
Project("{FAE04EC0-301F-11D3-BF4B-00C04F79EFBC}") = "CardPlayer", "Player\CardPlayer.csproj", "{5C09D1FF-57BD-4233-A3D9-8942A4504D80}"
EndProject
Project("{2150E333-8FDC-42A3-9474-1A3956D46DE8}") = "Solution Items", "Solution Items", "{C5CC28DC-6867-4FC1-9C4B-D6BC8CC6398E}"
EndProject
Global
	GlobalSection(SolutionConfigurationPlatforms) = preSolution
		Debug|Any CPU = Debug|Any CPU
		Release|Any CPU = Release|Any CPU
	EndGlobalSection
	GlobalSection(ProjectConfigurationPlatforms) = postSolution
		{2235F889-4DB5-4093-B2D9-4A83CD640748}.Debug|Any CPU.ActiveCfg = Debug|Any CPU
		{2235F889-4DB5-4093-B2D9-4A83CD640748}.Debug|Any CPU.Build.0 = Debug|Any CPU
		{2235F889-4DB5-4093-B2D9-4A83CD640748}.Release|Any CPU.ActiveCfg = Release|Any CPU
		{2235F889-4DB5-4093-B2D9-4A83CD640748}.Release|Any CPU.Build.0 = Release|Any CPU
		{42D94D38-8848-4663-9C2F-C321F1DB80DD}.Debug|Any CPU.ActiveCfg = Debug|Any CPU
		{42D94D38-8848-4663-9C2F-C321F1DB80DD}.Debug|Any CPU.Build.0 = Debug|Any CPU
		{42D94D38-8848-4663-9C2F-C321F1DB80DD}.Release|Any CPU.ActiveCfg = Release|Any CPU
		{42D94D38-8848-4663-9C2F-C321F1DB80DD}.Release|Any CPU.Build.0 = Release|Any CPU
		{5C09D1FF-57BD-4233-A3D9-8942A4504D80}.Debug|Any CPU.ActiveCfg = Debug|Any CPU
		{5C09D1FF-57BD-4233-A3D9-8942A4504D80}.Debug|Any CPU.Build.0 = Debug|Any CPU
		{5C09D1FF-57BD-4233-A3D9-8942A4504D80}.Release|Any CPU.ActiveCfg = Release|Any CPU
		{5C09D1FF-57BD-4233-A3D9-8942A4504D80}.Release|Any CPU.Build.0 = Release|Any CPU
	EndGlobalSection
	GlobalSection(SolutionProperties) = preSolution
		HideSolutionNode = FALSE
	EndGlobalSection
EndGlobal
